// !$*UTF8*$!
{
	archiveVersion = 1;
	classes = {
	};
	objectVersion = 46;
	objects = {

/* Begin PBXBuildFile section */
		E2348CC91C39AF1B009C4C78 /* JYLButton.swift in Sources */ = {isa = PBXBuildFile; fileRef = E2348CC81C39AF1B009C4C78 /* JYLButton.swift */; };
		E2348CCA1C39E69E009C4C78 /* JYLButton.swift in Sources */ = {isa = PBXBuildFile; fileRef = E2348CC81C39AF1B009C4C78 /* JYLButton.swift */; };
		E2348CCC1C3A4715009C4C78 /* StoreKit.framework in Frameworks */ = {isa = PBXBuildFile; fileRef = E2348CCB1C3A4715009C4C78 /* StoreKit.framework */; };
		E2348CCE1C3A4728009C4C78 /* Foundation.framework in Frameworks */ = {isa = PBXBuildFile; fileRef = E2348CCD1C3A4728009C4C78 /* Foundation.framework */; };
		E2348CD01C3A472F009C4C78 /* CoreGraphics.framework in Frameworks */ = {isa = PBXBuildFile; fileRef = E2348CCF1C3A472F009C4C78 /* CoreGraphics.framework */; };
		E2348CD21C3A4737009C4C78 /* UIKit.framework in Frameworks */ = {isa = PBXBuildFile; fileRef = E2348CD11C3A4737009C4C78 /* UIKit.framework */; };
		E2348CD81C3A4A5D009C4C78 /* Chartboost.framework in Frameworks */ = {isa = PBXBuildFile; fileRef = E2348CD71C3A4A5D009C4C78 /* Chartboost.framework */; };
		E26488831C2BF24C0089E253 /* Assets.xcassets in Resources */ = {isa = PBXBuildFile; fileRef = E2CD41B21C0D857F00DEB4EB /* Assets.xcassets */; };
		E26488DE1C2D220C0089E253 /* JYLAppDelegate.swift in Sources */ = {isa = PBXBuildFile; fileRef = E26488D31C2D220C0089E253 /* JYLAppDelegate.swift */; };
		E26488DF1C2D220C0089E253 /* JYLBird.swift in Sources */ = {isa = PBXBuildFile; fileRef = E26488D41C2D220C0089E253 /* JYLBird.swift */; };
		E26488E01C2D220C0089E253 /* JYLBounceColors.swift in Sources */ = {isa = PBXBuildFile; fileRef = E26488D51C2D220C0089E253 /* JYLBounceColors.swift */; };
		E26488E11C2D220C0089E253 /* JYLMainGameScene.swift in Sources */ = {isa = PBXBuildFile; fileRef = E26488D61C2D220C0089E253 /* JYLMainGameScene.swift */; };
		E26488E21C2D220C0089E253 /* JYLMainGameViewController.swift in Sources */ = {isa = PBXBuildFile; fileRef = E26488D71C2D220C0089E253 /* JYLMainGameViewController.swift */; };
		E26488E31C2D220C0089E253 /* JYLShard.swift in Sources */ = {isa = PBXBuildFile; fileRef = E26488D81C2D220C0089E253 /* JYLShard.swift */; };
		E26488E41C2D220C0089E253 /* JYLSpikes.swift in Sources */ = {isa = PBXBuildFile; fileRef = E26488D91C2D220C0089E253 /* JYLSpikes.swift */; };
		E26488E51C2D220C0089E253 /* Launch Screen.storyboard in Resources */ = {isa = PBXBuildFile; fileRef = E26488DA1C2D220C0089E253 /* Launch Screen.storyboard */; };
		E2A4F1341C34B64C00F72CEB /* JYLWall.swift in Sources */ = {isa = PBXBuildFile; fileRef = E2BEE9FC1C3481C200619149 /* JYLWall.swift */; };
		E2A4F1371C35C16C00F72CEB /* Dosis-SemiBold.ttf in Resources */ = {isa = PBXBuildFile; fileRef = E2A4F1361C35C12600F72CEB /* Dosis-SemiBold.ttf */; };
		E2BEE9CF1C30703B00619149 /* JYLGround.swift in Sources */ = {isa = PBXBuildFile; fileRef = E2BEE9CE1C30703B00619149 /* JYLGround.swift */; };
		E2BEE9E71C30A09700619149 /* JYLBirdTest.swift in Sources */ = {isa = PBXBuildFile; fileRef = E2BEE9E61C30A09700619149 /* JYLBirdTest.swift */; };
		E2BEE9E81C30A22E00619149 /* JYLBird.swift in Sources */ = {isa = PBXBuildFile; fileRef = E26488D41C2D220C0089E253 /* JYLBird.swift */; };
		E2BEE9E91C30A36B00619149 /* JYLMainGameScene.swift in Sources */ = {isa = PBXBuildFile; fileRef = E26488D61C2D220C0089E253 /* JYLMainGameScene.swift */; };
		E2BEE9EA1C30A36E00619149 /* JYLBounceColors.swift in Sources */ = {isa = PBXBuildFile; fileRef = E26488D51C2D220C0089E253 /* JYLBounceColors.swift */; };
		E2BEE9EB1C30A37000619149 /* JYLAppDelegate.swift in Sources */ = {isa = PBXBuildFile; fileRef = E26488D31C2D220C0089E253 /* JYLAppDelegate.swift */; };
		E2BEE9EC1C30A37400619149 /* JYLMainGameViewController.swift in Sources */ = {isa = PBXBuildFile; fileRef = E26488D71C2D220C0089E253 /* JYLMainGameViewController.swift */; };
		E2BEE9ED1C30A37700619149 /* JYLShard.swift in Sources */ = {isa = PBXBuildFile; fileRef = E26488D81C2D220C0089E253 /* JYLShard.swift */; };
		E2BEE9EE1C30A37A00619149 /* JYLGround.swift in Sources */ = {isa = PBXBuildFile; fileRef = E2BEE9CE1C30703B00619149 /* JYLGround.swift */; };
		E2BEE9EF1C30A37C00619149 /* JYLSpikes.swift in Sources */ = {isa = PBXBuildFile; fileRef = E26488D91C2D220C0089E253 /* JYLSpikes.swift */; };
		E2BEE9F11C30B22200619149 /* EasyStages.swift in Sources */ = {isa = PBXBuildFile; fileRef = E2BEE9F01C30B22200619149 /* EasyStages.swift */; };
		E2BEE9F31C30B26D00619149 /* MediumStages.swift in Sources */ = {isa = PBXBuildFile; fileRef = E2BEE9F21C30B26D00619149 /* MediumStages.swift */; };
		E2BEE9F51C30B27300619149 /* HardStages.swift in Sources */ = {isa = PBXBuildFile; fileRef = E2BEE9F41C30B27300619149 /* HardStages.swift */; };
		E2BEE9F61C30BF6000619149 /* MediumStages.swift in Sources */ = {isa = PBXBuildFile; fileRef = E2BEE9F21C30B26D00619149 /* MediumStages.swift */; };
		E2BEE9F71C30BF6300619149 /* EasyStages.swift in Sources */ = {isa = PBXBuildFile; fileRef = E2BEE9F01C30B22200619149 /* EasyStages.swift */; };
		E2BEE9F81C30BF6600619149 /* HardStages.swift in Sources */ = {isa = PBXBuildFile; fileRef = E2BEE9F41C30B27300619149 /* HardStages.swift */; };
		E2BEE9FA1C30C0C300619149 /* StageRunner.swift in Sources */ = {isa = PBXBuildFile; fileRef = E2BEE9F91C30C0C300619149 /* StageRunner.swift */; };
		E2BEE9FB1C30C0C300619149 /* StageRunner.swift in Sources */ = {isa = PBXBuildFile; fileRef = E2BEE9F91C30C0C300619149 /* StageRunner.swift */; };
		E2BEE9FD1C3481C200619149 /* JYLWall.swift in Sources */ = {isa = PBXBuildFile; fileRef = E2BEE9FC1C3481C200619149 /* JYLWall.swift */; };
/* End PBXBuildFile section */

/* Begin PBXContainerItemProxy section */
		E2BEE9E01C30A03A00619149 /* PBXContainerItemProxy */ = {
			isa = PBXContainerItemProxy;
			containerPortal = E2CD41811C0BC2EA00DEB4EB /* Project object */;
			proxyType = 1;
			remoteGlobalIDString = E2CD41881C0BC2EA00DEB4EB;
			remoteInfo = "Fly Away";
		};
/* End PBXContainerItemProxy section */

/* Begin PBXFileReference section */
		E2348CC81C39AF1B009C4C78 /* JYLButton.swift */ = {isa = PBXFileReference; fileEncoding = 4; lastKnownFileType = sourcecode.swift; path = JYLButton.swift; sourceTree = "<group>"; };
		E2348CCB1C3A4715009C4C78 /* StoreKit.framework */ = {isa = PBXFileReference; lastKnownFileType = wrapper.framework; name = StoreKit.framework; path = System/Library/Frameworks/StoreKit.framework; sourceTree = SDKROOT; };
		E2348CCD1C3A4728009C4C78 /* Foundation.framework */ = {isa = PBXFileReference; lastKnownFileType = wrapper.framework; name = Foundation.framework; path = System/Library/Frameworks/Foundation.framework; sourceTree = SDKROOT; };
		E2348CCF1C3A472F009C4C78 /* CoreGraphics.framework */ = {isa = PBXFileReference; lastKnownFileType = wrapper.framework; name = CoreGraphics.framework; path = System/Library/Frameworks/CoreGraphics.framework; sourceTree = SDKROOT; };
		E2348CD11C3A4737009C4C78 /* UIKit.framework */ = {isa = PBXFileReference; lastKnownFileType = wrapper.framework; name = UIKit.framework; path = System/Library/Frameworks/UIKit.framework; sourceTree = SDKROOT; };
		E2348CD41C3A49DE009C4C78 /* Fly Away-Bridging-Header.h */ = {isa = PBXFileReference; lastKnownFileType = sourcecode.c.h; path = "Fly Away-Bridging-Header.h"; sourceTree = "<group>"; };
		E2348CD71C3A4A5D009C4C78 /* Chartboost.framework */ = {isa = PBXFileReference; lastKnownFileType = wrapper.framework; path = Chartboost.framework; sourceTree = "<group>"; };
		E26488D21C2D220C0089E253 /* Info.plist */ = {isa = PBXFileReference; fileEncoding = 4; lastKnownFileType = text.plist.xml; path = Info.plist; sourceTree = "<group>"; };
		E26488D31C2D220C0089E253 /* JYLAppDelegate.swift */ = {isa = PBXFileReference; fileEncoding = 4; lastKnownFileType = sourcecode.swift; path = JYLAppDelegate.swift; sourceTree = "<group>"; };
		E26488D41C2D220C0089E253 /* JYLBird.swift */ = {isa = PBXFileReference; fileEncoding = 4; lastKnownFileType = sourcecode.swift; path = JYLBird.swift; sourceTree = "<group>"; };
		E26488D51C2D220C0089E253 /* JYLBounceColors.swift */ = {isa = PBXFileReference; fileEncoding = 4; lastKnownFileType = sourcecode.swift; path = JYLBounceColors.swift; sourceTree = "<group>"; };
		E26488D61C2D220C0089E253 /* JYLMainGameScene.swift */ = {isa = PBXFileReference; fileEncoding = 4; lastKnownFileType = sourcecode.swift; path = JYLMainGameScene.swift; sourceTree = "<group>"; };
		E26488D71C2D220C0089E253 /* JYLMainGameViewController.swift */ = {isa = PBXFileReference; fileEncoding = 4; lastKnownFileType = sourcecode.swift; path = JYLMainGameViewController.swift; sourceTree = "<group>"; };
		E26488D81C2D220C0089E253 /* JYLShard.swift */ = {isa = PBXFileReference; fileEncoding = 4; lastKnownFileType = sourcecode.swift; path = JYLShard.swift; sourceTree = "<group>"; };
		E26488D91C2D220C0089E253 /* JYLSpikes.swift */ = {isa = PBXFileReference; fileEncoding = 4; lastKnownFileType = sourcecode.swift; path = JYLSpikes.swift; sourceTree = "<group>"; };
		E26488DA1C2D220C0089E253 /* Launch Screen.storyboard */ = {isa = PBXFileReference; fileEncoding = 4; lastKnownFileType = file.storyboard; path = "Launch Screen.storyboard"; sourceTree = "<group>"; };
		E2A4F1361C35C12600F72CEB /* Dosis-SemiBold.ttf */ = {isa = PBXFileReference; lastKnownFileType = file; path = "Dosis-SemiBold.ttf"; sourceTree = "<group>"; };
		E2BEE9CE1C30703B00619149 /* JYLGround.swift */ = {isa = PBXFileReference; fileEncoding = 4; lastKnownFileType = sourcecode.swift; path = JYLGround.swift; sourceTree = "<group>"; };
		E2BEE9DB1C30A03A00619149 /* Fly AwayTests.xctest */ = {isa = PBXFileReference; explicitFileType = wrapper.cfbundle; includeInIndex = 0; path = "Fly AwayTests.xctest"; sourceTree = BUILT_PRODUCTS_DIR; };
		E2BEE9DF1C30A03A00619149 /* Info.plist */ = {isa = PBXFileReference; lastKnownFileType = text.plist.xml; path = Info.plist; sourceTree = "<group>"; };
		E2BEE9E61C30A09700619149 /* JYLBirdTest.swift */ = {isa = PBXFileReference; fileEncoding = 4; lastKnownFileType = sourcecode.swift; path = JYLBirdTest.swift; sourceTree = "<group>"; };
		E2BEE9F01C30B22200619149 /* EasyStages.swift */ = {isa = PBXFileReference; fileEncoding = 4; lastKnownFileType = sourcecode.swift; path = EasyStages.swift; sourceTree = "<group>"; };
		E2BEE9F21C30B26D00619149 /* MediumStages.swift */ = {isa = PBXFileReference; fileEncoding = 4; lastKnownFileType = sourcecode.swift; path = MediumStages.swift; sourceTree = "<group>"; };
		E2BEE9F41C30B27300619149 /* HardStages.swift */ = {isa = PBXFileReference; fileEncoding = 4; lastKnownFileType = sourcecode.swift; path = HardStages.swift; sourceTree = "<group>"; };
		E2BEE9F91C30C0C300619149 /* StageRunner.swift */ = {isa = PBXFileReference; fileEncoding = 4; lastKnownFileType = sourcecode.swift; path = StageRunner.swift; sourceTree = "<group>"; };
		E2BEE9FC1C3481C200619149 /* JYLWall.swift */ = {isa = PBXFileReference; fileEncoding = 4; lastKnownFileType = sourcecode.swift; path = JYLWall.swift; sourceTree = "<group>"; };
		E2CD41891C0BC2EA00DEB4EB /* Fly Away.app */ = {isa = PBXFileReference; explicitFileType = wrapper.application; includeInIndex = 0; path = "Fly Away.app"; sourceTree = BUILT_PRODUCTS_DIR; };
		E2CD41B21C0D857F00DEB4EB /* Assets.xcassets */ = {isa = PBXFileReference; lastKnownFileType = folder.assetcatalog; path = Assets.xcassets; sourceTree = "<group>"; };
/* End PBXFileReference section */

/* Begin PBXFrameworksBuildPhase section */
		E2BEE9D81C30A03A00619149 /* Frameworks */ = {
			isa = PBXFrameworksBuildPhase;
			buildActionMask = 2147483647;
			files = (
			);
			runOnlyForDeploymentPostprocessing = 0;
		};
		E2CD41861C0BC2EA00DEB4EB /* Frameworks */ = {
			isa = PBXFrameworksBuildPhase;
			buildActionMask = 2147483647;
			files = (
				E2348CD81C3A4A5D009C4C78 /* Chartboost.framework in Frameworks */,
				E2348CD21C3A4737009C4C78 /* UIKit.framework in Frameworks */,
				E2348CD01C3A472F009C4C78 /* CoreGraphics.framework in Frameworks */,
				E2348CCE1C3A4728009C4C78 /* Foundation.framework in Frameworks */,
				E2348CCC1C3A4715009C4C78 /* StoreKit.framework in Frameworks */,
			);
			runOnlyForDeploymentPostprocessing = 0;
		};
/* End PBXFrameworksBuildPhase section */

/* Begin PBXGroup section */
		E2348CD31C3A49C1009C4C78 /* Framworks */ = {
			isa = PBXGroup;
			children = (
				E2348CD71C3A4A5D009C4C78 /* Chartboost.framework */,
				E2348CD11C3A4737009C4C78 /* UIKit.framework */,
				E2348CCF1C3A472F009C4C78 /* CoreGraphics.framework */,
				E2348CCD1C3A4728009C4C78 /* Foundation.framework */,
				E2348CCB1C3A4715009C4C78 /* StoreKit.framework */,
			);
			name = Framworks;
			sourceTree = "<group>";
		};
		E26488D11C2D220C0089E253 /* FlyAway */ = {
			isa = PBXGroup;
			children = (
				E2A4F1351C35C11B00F72CEB /* SupportingFiles */,
				E26488E81C2E24D10089E253 /* Stages */,
				E26488E71C2D247A0089E253 /* Models */,
				E26488D31C2D220C0089E253 /* JYLAppDelegate.swift */,
				E26488D51C2D220C0089E253 /* JYLBounceColors.swift */,
				E26488D61C2D220C0089E253 /* JYLMainGameScene.swift */,
				E26488D71C2D220C0089E253 /* JYLMainGameViewController.swift */,
				E26488DA1C2D220C0089E253 /* Launch Screen.storyboard */,
				E2348CD41C3A49DE009C4C78 /* Fly Away-Bridging-Header.h */,
			);
			path = FlyAway;
			sourceTree = "<group>";
		};
		E26488E71C2D247A0089E253 /* Models */ = {
			isa = PBXGroup;
			children = (
				E26488D41C2D220C0089E253 /* JYLBird.swift */,
				E26488D81C2D220C0089E253 /* JYLShard.swift */,
				E26488D91C2D220C0089E253 /* JYLSpikes.swift */,
				E2BEE9CE1C30703B00619149 /* JYLGround.swift */,
				E2BEE9FC1C3481C200619149 /* JYLWall.swift */,
				E2348CC81C39AF1B009C4C78 /* JYLButton.swift */,
			);
			name = Models;
			sourceTree = "<group>";
		};
		E26488E81C2E24D10089E253 /* Stages */ = {
			isa = PBXGroup;
			children = (
				E2BEE9F01C30B22200619149 /* EasyStages.swift */,
				E2BEE9F21C30B26D00619149 /* MediumStages.swift */,
				E2BEE9F41C30B27300619149 /* HardStages.swift */,
				E2BEE9F91C30C0C300619149 /* StageRunner.swift */,
			);
			name = Stages;
			sourceTree = "<group>";
		};
		E2A4F1351C35C11B00F72CEB /* SupportingFiles */ = {
			isa = PBXGroup;
			children = (
				E2A4F1361C35C12600F72CEB /* Dosis-SemiBold.ttf */,
				E26488D21C2D220C0089E253 /* Info.plist */,
			);
			name = SupportingFiles;
			sourceTree = "<group>";
		};
		E2BEE9D01C309E4000619149 /* ModelTests */ = {
			isa = PBXGroup;
			children = (
				E2BEE9E61C30A09700619149 /* JYLBirdTest.swift */,
			);
			name = ModelTests;
			path = ../FlyAwayTests;
			sourceTree = "<group>";
		};
		E2BEE9DC1C30A03A00619149 /* Fly AwayTests */ = {
			isa = PBXGroup;
			children = (
				E2BEE9D01C309E4000619149 /* ModelTests */,
				E2BEE9DF1C30A03A00619149 /* Info.plist */,
			);
			path = "Fly AwayTests";
			sourceTree = "<group>";
		};
		E2CD41801C0BC2EA00DEB4EB = {
			isa = PBXGroup;
			children = (
				E2F500C91C37296A00900B2F /* Assets */,
				E26488D11C2D220C0089E253 /* FlyAway */,
				E2BEE9DC1C30A03A00619149 /* Fly AwayTests */,
				E2348CD31C3A49C1009C4C78 /* Framworks */,
				E2CD418A1C0BC2EA00DEB4EB /* Products */,
			);
			sourceTree = "<group>";
		};
		E2CD418A1C0BC2EA00DEB4EB /* Products */ = {
			isa = PBXGroup;
			children = (
				E2CD41891C0BC2EA00DEB4EB /* Fly Away.app */,
				E2BEE9DB1C30A03A00619149 /* Fly AwayTests.xctest */,
			);
			name = Products;
			sourceTree = "<group>";
		};
		E2F500C91C37296A00900B2F /* Assets */ = {
			isa = PBXGroup;
			children = (
				E2CD41B21C0D857F00DEB4EB /* Assets.xcassets */,
			);
			name = Assets;
			sourceTree = "<group>";
		};
/* End PBXGroup section */

/* Begin PBXNativeTarget section */
		E2BEE9DA1C30A03A00619149 /* Fly AwayTests */ = {
			isa = PBXNativeTarget;
			buildConfigurationList = E2BEE9E21C30A03A00619149 /* Build configuration list for PBXNativeTarget "Fly AwayTests" */;
			buildPhases = (
				E2BEE9D71C30A03A00619149 /* Sources */,
				E2BEE9D81C30A03A00619149 /* Frameworks */,
				E2BEE9D91C30A03A00619149 /* Resources */,
			);
			buildRules = (
			);
			dependencies = (
				E2BEE9E11C30A03A00619149 /* PBXTargetDependency */,
			);
			name = "Fly AwayTests";
			productName = "Fly AwayTests";
			productReference = E2BEE9DB1C30A03A00619149 /* Fly AwayTests.xctest */;
			productType = "com.apple.product-type.bundle.unit-test";
		};
		E2CD41881C0BC2EA00DEB4EB /* Fly Away */ = {
			isa = PBXNativeTarget;
			buildConfigurationList = E2CD41AA1C0BC2EA00DEB4EB /* Build configuration list for PBXNativeTarget "Fly Away" */;
			buildPhases = (
				E2CD41851C0BC2EA00DEB4EB /* Sources */,
				E2CD41861C0BC2EA00DEB4EB /* Frameworks */,
				E2CD41871C0BC2EA00DEB4EB /* Resources */,
			);
			buildRules = (
			);
			dependencies = (
			);
			name = "Fly Away";
			productName = Skip;
			productReference = E2CD41891C0BC2EA00DEB4EB /* Fly Away.app */;
			productType = "com.apple.product-type.application";
		};
/* End PBXNativeTarget section */

/* Begin PBXProject section */
		E2CD41811C0BC2EA00DEB4EB /* Project object */ = {
			isa = PBXProject;
			attributes = {
				LastSwiftUpdateCheck = 0720;
				LastUpgradeCheck = 0710;
				ORGANIZATIONNAME = wwwww;
				TargetAttributes = {
					E2BEE9DA1C30A03A00619149 = {
						CreatedOnToolsVersion = 7.2;
						TestTargetID = E2CD41881C0BC2EA00DEB4EB;
					};
					E2CD41881C0BC2EA00DEB4EB = {
						CreatedOnToolsVersion = 7.1.1;
						DevelopmentTeam = 6UN3N9H6B4;
					};
				};
			};
			buildConfigurationList = E2CD41841C0BC2EA00DEB4EB /* Build configuration list for PBXProject "Fly Away" */;
			compatibilityVersion = "Xcode 3.2";
			developmentRegion = English;
			hasScannedForEncodings = 0;
			knownRegions = (
				en,
				Base,
			);
			mainGroup = E2CD41801C0BC2EA00DEB4EB;
			productRefGroup = E2CD418A1C0BC2EA00DEB4EB /* Products */;
			projectDirPath = "";
			projectRoot = "";
			targets = (
				E2CD41881C0BC2EA00DEB4EB /* Fly Away */,
				E2BEE9DA1C30A03A00619149 /* Fly AwayTests */,
			);
		};
/* End PBXProject section */

/* Begin PBXResourcesBuildPhase section */
		E2BEE9D91C30A03A00619149 /* Resources */ = {
			isa = PBXResourcesBuildPhase;
			buildActionMask = 2147483647;
			files = (
			);
			runOnlyForDeploymentPostprocessing = 0;
		};
		E2CD41871C0BC2EA00DEB4EB /* Resources */ = {
			isa = PBXResourcesBuildPhase;
			buildActionMask = 2147483647;
			files = (
				E2A4F1371C35C16C00F72CEB /* Dosis-SemiBold.ttf in Resources */,
				E26488E51C2D220C0089E253 /* Launch Screen.storyboard in Resources */,
				E26488831C2BF24C0089E253 /* Assets.xcassets in Resources */,
			);
			runOnlyForDeploymentPostprocessing = 0;
		};
/* End PBXResourcesBuildPhase section */

/* Begin PBXSourcesBuildPhase section */
		E2BEE9D71C30A03A00619149 /* Sources */ = {
			isa = PBXSourcesBuildPhase;
			buildActionMask = 2147483647;
			files = (
				E2BEE9F31C30B26D00619149 /* MediumStages.swift in Sources */,
				E2BEE9EE1C30A37A00619149 /* JYLGround.swift in Sources */,
				E2BEE9E81C30A22E00619149 /* JYLBird.swift in Sources */,
				E2BEE9ED1C30A37700619149 /* JYLShard.swift in Sources */,
				E2BEE9EF1C30A37C00619149 /* JYLSpikes.swift in Sources */,
				E2BEE9FB1C30C0C300619149 /* StageRunner.swift in Sources */,
				E2BEE9F11C30B22200619149 /* EasyStages.swift in Sources */,
				E2348CCA1C39E69E009C4C78 /* JYLButton.swift in Sources */,
				E2BEE9EA1C30A36E00619149 /* JYLBounceColors.swift in Sources */,
				E2BEE9EB1C30A37000619149 /* JYLAppDelegate.swift in Sources */,
				E2BEE9E71C30A09700619149 /* JYLBirdTest.swift in Sources */,
				E2BEE9F51C30B27300619149 /* HardStages.swift in Sources */,
				E2BEE9E91C30A36B00619149 /* JYLMainGameScene.swift in Sources */,
				E2BEE9EC1C30A37400619149 /* JYLMainGameViewController.swift in Sources */,
				E2A4F1341C34B64C00F72CEB /* JYLWall.swift in Sources */,
			);
			runOnlyForDeploymentPostprocessing = 0;
		};
		E2CD41851C0BC2EA00DEB4EB /* Sources */ = {
			isa = PBXSourcesBuildPhase;
			buildActionMask = 2147483647;
			files = (
				E2BEE9F81C30BF6600619149 /* HardStages.swift in Sources */,
				E2BEE9CF1C30703B00619149 /* JYLGround.swift in Sources */,
				E26488DF1C2D220C0089E253 /* JYLBird.swift in Sources */,
				E26488E11C2D220C0089E253 /* JYLMainGameScene.swift in Sources */,
				E26488E31C2D220C0089E253 /* JYLShard.swift in Sources */,
				E2348CC91C39AF1B009C4C78 /* JYLButton.swift in Sources */,
				E2BEE9F71C30BF6300619149 /* EasyStages.swift in Sources */,
				E26488DE1C2D220C0089E253 /* JYLAppDelegate.swift in Sources */,
				E26488E41C2D220C0089E253 /* JYLSpikes.swift in Sources */,
				E26488E21C2D220C0089E253 /* JYLMainGameViewController.swift in Sources */,
				E26488E01C2D220C0089E253 /* JYLBounceColors.swift in Sources */,
				E2BEE9FA1C30C0C300619149 /* StageRunner.swift in Sources */,
				E2BEE9F61C30BF6000619149 /* MediumStages.swift in Sources */,
				E2BEE9FD1C3481C200619149 /* JYLWall.swift in Sources */,
			);
			runOnlyForDeploymentPostprocessing = 0;
		};
/* End PBXSourcesBuildPhase section */

/* Begin PBXTargetDependency section */
		E2BEE9E11C30A03A00619149 /* PBXTargetDependency */ = {
			isa = PBXTargetDependency;
			target = E2CD41881C0BC2EA00DEB4EB /* Fly Away */;
			targetProxy = E2BEE9E01C30A03A00619149 /* PBXContainerItemProxy */;
		};
/* End PBXTargetDependency section */

/* Begin XCBuildConfiguration section */
		E2BEE9E31C30A03A00619149 /* Debug */ = {
			isa = XCBuildConfiguration;
			buildSettings = {
				BUNDLE_LOADER = "$(TEST_HOST)";
				DEBUG_INFORMATION_FORMAT = dwarf;
				INFOPLIST_FILE = "Fly AwayTests/Info.plist";
				IPHONEOS_DEPLOYMENT_TARGET = 9.2;
				LD_RUNPATH_SEARCH_PATHS = "$(inherited) @executable_path/Frameworks @loader_path/Frameworks";
				PRODUCT_BUNDLE_IDENTIFIER = "wwwww.Fly-AwayTests";
				PRODUCT_NAME = "$(TARGET_NAME)";
				TEST_HOST = "$(BUILT_PRODUCTS_DIR)/Fly Away.app/Fly Away";
			};
			name = Debug;
		};
		E2BEE9E41C30A03A00619149 /* Release */ = {
			isa = XCBuildConfiguration;
			buildSettings = {
				BUNDLE_LOADER = "$(TEST_HOST)";
				INFOPLIST_FILE = "Fly AwayTests/Info.plist";
				IPHONEOS_DEPLOYMENT_TARGET = 9.2;
				LD_RUNPATH_SEARCH_PATHS = "$(inherited) @executable_path/Frameworks @loader_path/Frameworks";
				PRODUCT_BUNDLE_IDENTIFIER = "wwwww.Fly-AwayTests";
				PRODUCT_NAME = "$(TARGET_NAME)";
				TEST_HOST = "$(BUILT_PRODUCTS_DIR)/Fly Away.app/Fly Away";
			};
			name = Release;
		};
		E2CD41A81C0BC2EA00DEB4EB /* Debug */ = {
			isa = XCBuildConfiguration;
			buildSettings = {
				ALWAYS_SEARCH_USER_PATHS = NO;
				CLANG_CXX_LANGUAGE_STANDARD = "gnu++0x";
				CLANG_CXX_LIBRARY = "libc++";
				CLANG_ENABLE_MODULES = YES;
				CLANG_ENABLE_OBJC_ARC = YES;
				CLANG_WARN_BOOL_CONVERSION = YES;
				CLANG_WARN_CONSTANT_CONVERSION = YES;
				CLANG_WARN_DIRECT_OBJC_ISA_USAGE = YES_ERROR;
				CLANG_WARN_EMPTY_BODY = YES;
				CLANG_WARN_ENUM_CONVERSION = YES;
				CLANG_WARN_INT_CONVERSION = YES;
				CLANG_WARN_OBJC_ROOT_CLASS = YES_ERROR;
				CLANG_WARN_UNREACHABLE_CODE = YES;
				CLANG_WARN__DUPLICATE_METHOD_MATCH = YES;
				"CODE_SIGN_IDENTITY[sdk=iphoneos*]" = "iPhone Developer";
				COPY_PHASE_STRIP = NO;
				DEBUG_INFORMATION_FORMAT = "dwarf-with-dsym";
				EMBEDDED_CONTENT_CONTAINS_SWIFT = YES;
				ENABLE_STRICT_OBJC_MSGSEND = YES;
				ENABLE_TESTABILITY = YES;
				GCC_C_LANGUAGE_STANDARD = gnu99;
				GCC_DYNAMIC_NO_PIC = NO;
				GCC_NO_COMMON_BLOCKS = YES;
				GCC_OPTIMIZATION_LEVEL = 0;
				GCC_PREPROCESSOR_DEFINITIONS = (
					"DEBUG=1",
					"$(inherited)",
				);
				GCC_WARN_64_TO_32_BIT_CONVERSION = YES;
				GCC_WARN_ABOUT_RETURN_TYPE = YES_ERROR;
				GCC_WARN_UNDECLARED_SELECTOR = YES;
				GCC_WARN_UNINITIALIZED_AUTOS = YES_AGGRESSIVE;
				GCC_WARN_UNUSED_FUNCTION = YES;
				GCC_WARN_UNUSED_VARIABLE = YES;
				IPHONEOS_DEPLOYMENT_TARGET = 9.2;
				MTL_ENABLE_DEBUG_INFO = YES;
				ONLY_ACTIVE_ARCH = YES;
				SDKROOT = iphoneos;
				SWIFT_OPTIMIZATION_LEVEL = "-Onone";
			};
			name = Debug;
		};
		E2CD41A91C0BC2EA00DEB4EB /* Release */ = {
			isa = XCBuildConfiguration;
			buildSettings = {
				ALWAYS_SEARCH_USER_PATHS = NO;
				CLANG_CXX_LANGUAGE_STANDARD = "gnu++0x";
				CLANG_CXX_LIBRARY = "libc++";
				CLANG_ENABLE_MODULES = YES;
				CLANG_ENABLE_OBJC_ARC = YES;
				CLANG_WARN_BOOL_CONVERSION = YES;
				CLANG_WARN_CONSTANT_CONVERSION = YES;
				CLANG_WARN_DIRECT_OBJC_ISA_USAGE = YES_ERROR;
				CLANG_WARN_EMPTY_BODY = YES;
				CLANG_WARN_ENUM_CONVERSION = YES;
				CLANG_WARN_INT_CONVERSION = YES;
				CLANG_WARN_OBJC_ROOT_CLASS = YES_ERROR;
				CLANG_WARN_UNREACHABLE_CODE = YES;
				CLANG_WARN__DUPLICATE_METHOD_MATCH = YES;
				"CODE_SIGN_IDENTITY[sdk=iphoneos*]" = "iPhone Developer";
				COPY_PHASE_STRIP = NO;
				DEBUG_INFORMATION_FORMAT = "dwarf-with-dsym";
				EMBEDDED_CONTENT_CONTAINS_SWIFT = YES;
				ENABLE_NS_ASSERTIONS = NO;
				ENABLE_STRICT_OBJC_MSGSEND = YES;
				GCC_C_LANGUAGE_STANDARD = gnu99;
				GCC_NO_COMMON_BLOCKS = YES;
				GCC_WARN_64_TO_32_BIT_CONVERSION = YES;
				GCC_WARN_ABOUT_RETURN_TYPE = YES_ERROR;
				GCC_WARN_UNDECLARED_SELECTOR = YES;
				GCC_WARN_UNINITIALIZED_AUTOS = YES_AGGRESSIVE;
				GCC_WARN_UNUSED_FUNCTION = YES;
				GCC_WARN_UNUSED_VARIABLE = YES;
				IPHONEOS_DEPLOYMENT_TARGET = 9.2;
				MTL_ENABLE_DEBUG_INFO = NO;
				SDKROOT = iphoneos;
				VALIDATE_PRODUCT = YES;
			};
			name = Release;
		};
		E2CD41AB1C0BC2EA00DEB4EB /* Debug */ = {
			isa = XCBuildConfiguration;
			buildSettings = {
				ASSETCATALOG_COMPILER_APPICON_NAME = AppIcon;
				CLANG_ENABLE_MODULES = YES;
				CODE_SIGN_IDENTITY = "iPhone Developer";
				EMBEDDED_CONTENT_CONTAINS_SWIFT = YES;
				FRAMEWORK_SEARCH_PATHS = (
					"$(inherited)",
					"$(PROJECT_DIR)",
				);
				INFOPLIST_FILE = FlyAway/Info.plist;
				IPHONEOS_DEPLOYMENT_TARGET = 9.2;
				LD_RUNPATH_SEARCH_PATHS = "$(inherited) @executable_path/Frameworks";
				PRODUCT_BUNDLE_IDENTIFIER = wwwww.FlyAway;
				PRODUCT_NAME = "Fly Away";
				SWIFT_OBJC_BRIDGING_HEADER = "FlyAway/Fly Away-Bridging-Header.h";
				SWIFT_OPTIMIZATION_LEVEL = "-Onone";
				TARGETED_DEVICE_FAMILY = 1;
			};
			name = Debug;
		};
		E2CD41AC1C0BC2EA00DEB4EB /* Release */ = {
			isa = XCBuildConfiguration;
			buildSettings = {
				ASSETCATALOG_COMPILER_APPICON_NAME = AppIcon;
				CLANG_ENABLE_MODULES = YES;
				CODE_SIGN_IDENTITY = "iPhone Developer";
				EMBEDDED_CONTENT_CONTAINS_SWIFT = YES;
				FRAMEWORK_SEARCH_PATHS = (
					"$(inherited)",
					"$(PROJECT_DIR)",
				);
				INFOPLIST_FILE = FlyAway/Info.plist;
				IPHONEOS_DEPLOYMENT_TARGET = 9.2;
				LD_RUNPATH_SEARCH_PATHS = "$(inherited) @executable_path/Frameworks";
				PRODUCT_BUNDLE_IDENTIFIER = wwwww.FlyAway;
				PRODUCT_NAME = "Fly Away";
				SWIFT_OBJC_BRIDGING_HEADER = "FlyAway/Fly Away-Bridging-Header.h";
				TARGETED_DEVICE_FAMILY = 1;
			};
			name = Release;
		};
/* End XCBuildConfiguration section */

/* Begin XCConfigurationList section */
		E2BEE9E21C30A03A00619149 /* Build configuration list for PBXNativeTarget "Fly AwayTests" */ = {
			isa = XCConfigurationList;
			buildConfigurations = (
				E2BEE9E31C30A03A00619149 /* Debug */,
				E2BEE9E41C30A03A00619149 /* Release */,
			);
			defaultConfigurationIsVisible = 0;
			defaultConfigurationName = Release;
		};
		E2CD41841C0BC2EA00DEB4EB /* Build configuration list for PBXProject "Fly Away" */ = {
			isa = XCConfigurationList;
			buildConfigurations = (
				E2CD41A81C0BC2EA00DEB4EB /* Debug */,
				E2CD41A91C0BC2EA00DEB4EB /* Release */,
			);
			defaultConfigurationIsVisible = 0;
			defaultConfigurationName = Release;
		};
		E2CD41AA1C0BC2EA00DEB4EB /* Build configuration list for PBXNativeTarget "Fly Away" */ = {
			isa = XCConfigurationList;
			buildConfigurations = (
				E2CD41AB1C0BC2EA00DEB4EB /* Debug */,
				E2CD41AC1C0BC2EA00DEB4EB /* Release */,
			);
			defaultConfigurationIsVisible = 0;
			defaultConfigurationName = Release;
		};
/* End XCConfigurationList section */
	};
	rootObject = E2CD41811C0BC2EA00DEB4EB /* Project object */;
}
