// !$*UTF8*$!
{
	archiveVersion = 1;
	classes = {
	};
	objectVersion = 46;
	objects = {

/* Begin PBXBuildFile section */
		E264887B1C2BEED40089E253 /* JYLAppDelegate.swift in Sources */ = {isa = PBXBuildFile; fileRef = E26488721C2BEED40089E253 /* JYLAppDelegate.swift */; };
		E264887C1C2BEED40089E253 /* JYLBall.swift in Sources */ = {isa = PBXBuildFile; fileRef = E26488731C2BEED40089E253 /* JYLBall.swift */; };
		E264887D1C2BEED40089E253 /* JYLBounceColors.swift in Sources */ = {isa = PBXBuildFile; fileRef = E26488741C2BEED40089E253 /* JYLBounceColors.swift */; };
		E264887E1C2BEED40089E253 /* JYLMainGameScene.swift in Sources */ = {isa = PBXBuildFile; fileRef = E26488751C2BEED40089E253 /* JYLMainGameScene.swift */; };
		E264887F1C2BEED40089E253 /* JYLMainGameViewController.swift in Sources */ = {isa = PBXBuildFile; fileRef = E26488761C2BEED40089E253 /* JYLMainGameViewController.swift */; };
		E26488801C2BEED40089E253 /* JYLShard.swift in Sources */ = {isa = PBXBuildFile; fileRef = E26488771C2BEED40089E253 /* JYLShard.swift */; };
		E26488831C2BF24C0089E253 /* Assets.xcassets in Resources */ = {isa = PBXBuildFile; fileRef = E2CD41B21C0D857F00DEB4EB /* Assets.xcassets */; };
		E2CD41B51C0EB9B400DEB4EB /* Default-568h@2x.png in Resources */ = {isa = PBXBuildFile; fileRef = E2CD41B41C0EB9B400DEB4EB /* Default-568h@2x.png */; };
/* End PBXBuildFile section */

/* Begin PBXContainerItemProxy section */
		E2CD41A21C0BC2EA00DEB4EB /* PBXContainerItemProxy */ = {
			isa = PBXContainerItemProxy;
			containerPortal = E2CD41811C0BC2EA00DEB4EB /* Project object */;
			proxyType = 1;
			remoteGlobalIDString = E2CD41881C0BC2EA00DEB4EB;
			remoteInfo = Skip;
		};
/* End PBXContainerItemProxy section */

/* Begin PBXFileReference section */
		E26488711C2BEED40089E253 /* Info.plist */ = {isa = PBXFileReference; fileEncoding = 4; lastKnownFileType = text.plist.xml; path = Info.plist; sourceTree = "<group>"; };
		E26488721C2BEED40089E253 /* JYLAppDelegate.swift */ = {isa = PBXFileReference; fileEncoding = 4; lastKnownFileType = sourcecode.swift; path = JYLAppDelegate.swift; sourceTree = "<group>"; };
		E26488731C2BEED40089E253 /* JYLBall.swift */ = {isa = PBXFileReference; fileEncoding = 4; lastKnownFileType = sourcecode.swift; path = JYLBall.swift; sourceTree = "<group>"; };
		E26488741C2BEED40089E253 /* JYLBounceColors.swift */ = {isa = PBXFileReference; fileEncoding = 4; lastKnownFileType = sourcecode.swift; path = JYLBounceColors.swift; sourceTree = "<group>"; };
		E26488751C2BEED40089E253 /* JYLMainGameScene.swift */ = {isa = PBXFileReference; fileEncoding = 4; lastKnownFileType = sourcecode.swift; path = JYLMainGameScene.swift; sourceTree = "<group>"; };
		E26488761C2BEED40089E253 /* JYLMainGameViewController.swift */ = {isa = PBXFileReference; fileEncoding = 4; lastKnownFileType = sourcecode.swift; path = JYLMainGameViewController.swift; sourceTree = "<group>"; };
		E26488771C2BEED40089E253 /* JYLShard.swift */ = {isa = PBXFileReference; fileEncoding = 4; lastKnownFileType = sourcecode.swift; path = JYLShard.swift; sourceTree = "<group>"; };
		E26488791C2BEED40089E253 /* Info.plist */ = {isa = PBXFileReference; fileEncoding = 4; lastKnownFileType = text.plist.xml; path = Info.plist; sourceTree = "<group>"; };
		E2CD41891C0BC2EA00DEB4EB /* Hold The Ball.app */ = {isa = PBXFileReference; explicitFileType = wrapper.application; includeInIndex = 0; path = "Hold The Ball.app"; sourceTree = BUILT_PRODUCTS_DIR; };
		E2CD41A11C0BC2EA00DEB4EB /* Hold The Ball.xctest */ = {isa = PBXFileReference; explicitFileType = wrapper.cfbundle; includeInIndex = 0; path = "Hold The Ball.xctest"; sourceTree = BUILT_PRODUCTS_DIR; };
		E2CD41B21C0D857F00DEB4EB /* Assets.xcassets */ = {isa = PBXFileReference; lastKnownFileType = folder.assetcatalog; path = Assets.xcassets; sourceTree = "<group>"; };
		E2CD41B41C0EB9B400DEB4EB /* Default-568h@2x.png */ = {isa = PBXFileReference; lastKnownFileType = image.png; path = "Default-568h@2x.png"; sourceTree = "<group>"; };
/* End PBXFileReference section */

/* Begin PBXFrameworksBuildPhase section */
		E2CD41861C0BC2EA00DEB4EB /* Frameworks */ = {
			isa = PBXFrameworksBuildPhase;
			buildActionMask = 2147483647;
			files = (
			);
			runOnlyForDeploymentPostprocessing = 0;
		};
		E2CD419E1C0BC2EA00DEB4EB /* Frameworks */ = {
			isa = PBXFrameworksBuildPhase;
			buildActionMask = 2147483647;
			files = (
			);
			runOnlyForDeploymentPostprocessing = 0;
		};
/* End PBXFrameworksBuildPhase section */

/* Begin PBXGroup section */
		E26488701C2BEED40089E253 /* HoldTheBall */ = {
			isa = PBXGroup;
			children = (
				E26488821C2BEF2E0089E253 /* Model */,
				E26488711C2BEED40089E253 /* Info.plist */,
				E26488721C2BEED40089E253 /* JYLAppDelegate.swift */,
				E26488741C2BEED40089E253 /* JYLBounceColors.swift */,
				E26488751C2BEED40089E253 /* JYLMainGameScene.swift */,
				E26488761C2BEED40089E253 /* JYLMainGameViewController.swift */,
			);
			path = HoldTheBall;
			sourceTree = "<group>";
		};
		E26488781C2BEED40089E253 /* HoldTheBallTests */ = {
			isa = PBXGroup;
			children = (
				E26488791C2BEED40089E253 /* Info.plist */,
			);
			path = HoldTheBallTests;
			sourceTree = "<group>";
		};
		E26488821C2BEF2E0089E253 /* Model */ = {
			isa = PBXGroup;
			children = (
				E26488731C2BEED40089E253 /* JYLBall.swift */,
				E26488771C2BEED40089E253 /* JYLShard.swift */,
			);
			name = Model;
			sourceTree = "<group>";
		};
		E2CD41801C0BC2EA00DEB4EB = {
			isa = PBXGroup;
			children = (
				E2CD41B41C0EB9B400DEB4EB /* Default-568h@2x.png */,
				E2CD41B21C0D857F00DEB4EB /* Assets.xcassets */,
				E26488701C2BEED40089E253 /* HoldTheBall */,
				E26488781C2BEED40089E253 /* HoldTheBallTests */,
				E2CD418A1C0BC2EA00DEB4EB /* Products */,
			);
			sourceTree = "<group>";
		};
		E2CD418A1C0BC2EA00DEB4EB /* Products */ = {
			isa = PBXGroup;
			children = (
				E2CD41891C0BC2EA00DEB4EB /* Hold The Ball.app */,
				E2CD41A11C0BC2EA00DEB4EB /* Hold The Ball.xctest */,
			);
			name = Products;
			sourceTree = "<group>";
		};
/* End PBXGroup section */

/* Begin PBXNativeTarget section */
		E2CD41881C0BC2EA00DEB4EB /* Hold The Ball */ = {
			isa = PBXNativeTarget;
			buildConfigurationList = E2CD41AA1C0BC2EA00DEB4EB /* Build configuration list for PBXNativeTarget "Hold The Ball" */;
			buildPhases = (
				E2CD41851C0BC2EA00DEB4EB /* Sources */,
				E2CD41861C0BC2EA00DEB4EB /* Frameworks */,
				E2CD41871C0BC2EA00DEB4EB /* Resources */,
			);
			buildRules = (
			);
			dependencies = (
			);
			name = "Hold The Ball";
			productName = Skip;
			productReference = E2CD41891C0BC2EA00DEB4EB /* Hold The Ball.app */;
			productType = "com.apple.product-type.application";
		};
		E2CD41A01C0BC2EA00DEB4EB /* Hold The BallTests */ = {
			isa = PBXNativeTarget;
			buildConfigurationList = E2CD41AD1C0BC2EA00DEB4EB /* Build configuration list for PBXNativeTarget "Hold The BallTests" */;
			buildPhases = (
				E2CD419D1C0BC2EA00DEB4EB /* Sources */,
				E2CD419E1C0BC2EA00DEB4EB /* Frameworks */,
				E2CD419F1C0BC2EA00DEB4EB /* Resources */,
			);
			buildRules = (
			);
			dependencies = (
				E2CD41A31C0BC2EA00DEB4EB /* PBXTargetDependency */,
			);
			name = "Hold The BallTests";
			productName = SkipTests;
			productReference = E2CD41A11C0BC2EA00DEB4EB /* Hold The Ball.xctest */;
			productType = "com.apple.product-type.bundle.unit-test";
		};
/* End PBXNativeTarget section */

/* Begin PBXProject section */
		E2CD41811C0BC2EA00DEB4EB /* Project object */ = {
			isa = PBXProject;
			attributes = {
				LastSwiftUpdateCheck = 0710;
				LastUpgradeCheck = 0710;
				ORGANIZATIONNAME = wwwww;
				TargetAttributes = {
					E2CD41881C0BC2EA00DEB4EB = {
						CreatedOnToolsVersion = 7.1.1;
						DevelopmentTeam = 6UN3N9H6B4;
					};
					E2CD41A01C0BC2EA00DEB4EB = {
						CreatedOnToolsVersion = 7.1.1;
						TestTargetID = E2CD41881C0BC2EA00DEB4EB;
					};
				};
			};
			buildConfigurationList = E2CD41841C0BC2EA00DEB4EB /* Build configuration list for PBXProject "Hold The Ball" */;
			compatibilityVersion = "Xcode 3.2";
			developmentRegion = English;
			hasScannedForEncodings = 0;
			knownRegions = (
				en,
				Base,
			);
			mainGroup = E2CD41801C0BC2EA00DEB4EB;
			productRefGroup = E2CD418A1C0BC2EA00DEB4EB /* Products */;
			projectDirPath = "";
			projectRoot = "";
			targets = (
				E2CD41881C0BC2EA00DEB4EB /* Hold The Ball */,
				E2CD41A01C0BC2EA00DEB4EB /* Hold The BallTests */,
			);
		};
/* End PBXProject section */

/* Begin PBXResourcesBuildPhase section */
		E2CD41871C0BC2EA00DEB4EB /* Resources */ = {
			isa = PBXResourcesBuildPhase;
			buildActionMask = 2147483647;
			files = (
				E26488831C2BF24C0089E253 /* Assets.xcassets in Resources */,
				E2CD41B51C0EB9B400DEB4EB /* Default-568h@2x.png in Resources */,
			);
			runOnlyForDeploymentPostprocessing = 0;
		};
		E2CD419F1C0BC2EA00DEB4EB /* Resources */ = {
			isa = PBXResourcesBuildPhase;
			buildActionMask = 2147483647;
			files = (
			);
			runOnlyForDeploymentPostprocessing = 0;
		};
/* End PBXResourcesBuildPhase section */

/* Begin PBXSourcesBuildPhase section */
		E2CD41851C0BC2EA00DEB4EB /* Sources */ = {
			isa = PBXSourcesBuildPhase;
			buildActionMask = 2147483647;
			files = (
				E264887C1C2BEED40089E253 /* JYLBall.swift in Sources */,
				E264887E1C2BEED40089E253 /* JYLMainGameScene.swift in Sources */,
				E26488801C2BEED40089E253 /* JYLShard.swift in Sources */,
				E264887B1C2BEED40089E253 /* JYLAppDelegate.swift in Sources */,
				E264887F1C2BEED40089E253 /* JYLMainGameViewController.swift in Sources */,
				E264887D1C2BEED40089E253 /* JYLBounceColors.swift in Sources */,
			);
			runOnlyForDeploymentPostprocessing = 0;
		};
		E2CD419D1C0BC2EA00DEB4EB /* Sources */ = {
			isa = PBXSourcesBuildPhase;
			buildActionMask = 2147483647;
			files = (
			);
			runOnlyForDeploymentPostprocessing = 0;
		};
/* End PBXSourcesBuildPhase section */

/* Begin PBXTargetDependency section */
		E2CD41A31C0BC2EA00DEB4EB /* PBXTargetDependency */ = {
			isa = PBXTargetDependency;
			target = E2CD41881C0BC2EA00DEB4EB /* Hold The Ball */;
			targetProxy = E2CD41A21C0BC2EA00DEB4EB /* PBXContainerItemProxy */;
		};
/* End PBXTargetDependency section */

/* Begin XCBuildConfiguration section */
		E2CD41A81C0BC2EA00DEB4EB /* Debug */ = {
			isa = XCBuildConfiguration;
			buildSettings = {
				ALWAYS_SEARCH_USER_PATHS = NO;
				CLANG_CXX_LANGUAGE_STANDARD = "gnu++0x";
				CLANG_CXX_LIBRARY = "libc++";
				CLANG_ENABLE_MODULES = YES;
				CLANG_ENABLE_OBJC_ARC = YES;
				CLANG_WARN_BOOL_CONVERSION = YES;
				CLANG_WARN_CONSTANT_CONVERSION = YES;
				CLANG_WARN_DIRECT_OBJC_ISA_USAGE = YES_ERROR;
				CLANG_WARN_EMPTY_BODY = YES;
				CLANG_WARN_ENUM_CONVERSION = YES;
				CLANG_WARN_INT_CONVERSION = YES;
				CLANG_WARN_OBJC_ROOT_CLASS = YES_ERROR;
				CLANG_WARN_UNREACHABLE_CODE = YES;
				CLANG_WARN__DUPLICATE_METHOD_MATCH = YES;
				"CODE_SIGN_IDENTITY[sdk=iphoneos*]" = "iPhone Developer";
				COPY_PHASE_STRIP = NO;
				DEBUG_INFORMATION_FORMAT = "dwarf-with-dsym";
				EMBEDDED_CONTENT_CONTAINS_SWIFT = YES;
				ENABLE_STRICT_OBJC_MSGSEND = YES;
				ENABLE_TESTABILITY = YES;
				GCC_C_LANGUAGE_STANDARD = gnu99;
				GCC_DYNAMIC_NO_PIC = NO;
				GCC_NO_COMMON_BLOCKS = YES;
				GCC_OPTIMIZATION_LEVEL = 0;
				GCC_PREPROCESSOR_DEFINITIONS = (
					"DEBUG=1",
					"$(inherited)",
				);
				GCC_WARN_64_TO_32_BIT_CONVERSION = YES;
				GCC_WARN_ABOUT_RETURN_TYPE = YES_ERROR;
				GCC_WARN_UNDECLARED_SELECTOR = YES;
				GCC_WARN_UNINITIALIZED_AUTOS = YES_AGGRESSIVE;
				GCC_WARN_UNUSED_FUNCTION = YES;
				GCC_WARN_UNUSED_VARIABLE = YES;
				IPHONEOS_DEPLOYMENT_TARGET = 9.1;
				MTL_ENABLE_DEBUG_INFO = YES;
				ONLY_ACTIVE_ARCH = YES;
				SDKROOT = iphoneos;
				SWIFT_OPTIMIZATION_LEVEL = "-Onone";
			};
			name = Debug;
		};
		E2CD41A91C0BC2EA00DEB4EB /* Release */ = {
			isa = XCBuildConfiguration;
			buildSettings = {
				ALWAYS_SEARCH_USER_PATHS = NO;
				CLANG_CXX_LANGUAGE_STANDARD = "gnu++0x";
				CLANG_CXX_LIBRARY = "libc++";
				CLANG_ENABLE_MODULES = YES;
				CLANG_ENABLE_OBJC_ARC = YES;
				CLANG_WARN_BOOL_CONVERSION = YES;
				CLANG_WARN_CONSTANT_CONVERSION = YES;
				CLANG_WARN_DIRECT_OBJC_ISA_USAGE = YES_ERROR;
				CLANG_WARN_EMPTY_BODY = YES;
				CLANG_WARN_ENUM_CONVERSION = YES;
				CLANG_WARN_INT_CONVERSION = YES;
				CLANG_WARN_OBJC_ROOT_CLASS = YES_ERROR;
				CLANG_WARN_UNREACHABLE_CODE = YES;
				CLANG_WARN__DUPLICATE_METHOD_MATCH = YES;
				"CODE_SIGN_IDENTITY[sdk=iphoneos*]" = "iPhone Developer";
				COPY_PHASE_STRIP = NO;
				DEBUG_INFORMATION_FORMAT = "dwarf-with-dsym";
				EMBEDDED_CONTENT_CONTAINS_SWIFT = YES;
				ENABLE_NS_ASSERTIONS = NO;
				ENABLE_STRICT_OBJC_MSGSEND = YES;
				GCC_C_LANGUAGE_STANDARD = gnu99;
				GCC_NO_COMMON_BLOCKS = YES;
				GCC_WARN_64_TO_32_BIT_CONVERSION = YES;
				GCC_WARN_ABOUT_RETURN_TYPE = YES_ERROR;
				GCC_WARN_UNDECLARED_SELECTOR = YES;
				GCC_WARN_UNINITIALIZED_AUTOS = YES_AGGRESSIVE;
				GCC_WARN_UNUSED_FUNCTION = YES;
				GCC_WARN_UNUSED_VARIABLE = YES;
				IPHONEOS_DEPLOYMENT_TARGET = 9.1;
				MTL_ENABLE_DEBUG_INFO = NO;
				SDKROOT = iphoneos;
				VALIDATE_PRODUCT = YES;
			};
			name = Release;
		};
		E2CD41AB1C0BC2EA00DEB4EB /* Debug */ = {
			isa = XCBuildConfiguration;
			buildSettings = {
				ASSETCATALOG_COMPILER_APPICON_NAME = AppIcon;
				CODE_SIGN_IDENTITY = "iPhone Developer";
				EMBEDDED_CONTENT_CONTAINS_SWIFT = YES;
				INFOPLIST_FILE = HoldTheBall/Info.plist;
				LD_RUNPATH_SEARCH_PATHS = "$(inherited) @executable_path/Frameworks";
				PRODUCT_BUNDLE_IDENTIFIER = wwwww.HoldTheBall;
				PRODUCT_NAME = "Hold The Ball";
				TARGETED_DEVICE_FAMILY = 1;
			};
			name = Debug;
		};
		E2CD41AC1C0BC2EA00DEB4EB /* Release */ = {
			isa = XCBuildConfiguration;
			buildSettings = {
				ASSETCATALOG_COMPILER_APPICON_NAME = AppIcon;
				CODE_SIGN_IDENTITY = "iPhone Developer";
				EMBEDDED_CONTENT_CONTAINS_SWIFT = YES;
				INFOPLIST_FILE = HoldTheBall/Info.plist;
				LD_RUNPATH_SEARCH_PATHS = "$(inherited) @executable_path/Frameworks";
				PRODUCT_BUNDLE_IDENTIFIER = wwwww.HoldTheBall;
				PRODUCT_NAME = "Hold The Ball";
				TARGETED_DEVICE_FAMILY = 1;
			};
			name = Release;
		};
		E2CD41AE1C0BC2EA00DEB4EB /* Debug */ = {
			isa = XCBuildConfiguration;
			buildSettings = {
				BUNDLE_LOADER = "$(TEST_HOST)";
				DEBUG_INFORMATION_FORMAT = dwarf;
				INFOPLIST_FILE = BounceTests/Info.plist;
				LD_RUNPATH_SEARCH_PATHS = "$(inherited) @executable_path/Frameworks @loader_path/Frameworks";
				PRODUCT_BUNDLE_IDENTIFIER = wwwww.BounceTests;
				PRODUCT_NAME = "Hold The Ball";
				TEST_HOST = "$(BUILT_PRODUCTS_DIR)/Hold The Ball.app/Hold The Ball";
			};
			name = Debug;
		};
		E2CD41AF1C0BC2EA00DEB4EB /* Release */ = {
			isa = XCBuildConfiguration;
			buildSettings = {
				BUNDLE_LOADER = "$(TEST_HOST)";
				INFOPLIST_FILE = BounceTests/Info.plist;
				LD_RUNPATH_SEARCH_PATHS = "$(inherited) @executable_path/Frameworks @loader_path/Frameworks";
				PRODUCT_BUNDLE_IDENTIFIER = wwwww.BounceTests;
				PRODUCT_NAME = "Hold The Ball";
				TEST_HOST = "$(BUILT_PRODUCTS_DIR)/Hold The Ball.app/Hold The Ball";
			};
			name = Release;
		};
/* End XCBuildConfiguration section */

/* Begin XCConfigurationList section */
		E2CD41841C0BC2EA00DEB4EB /* Build configuration list for PBXProject "Hold The Ball" */ = {
			isa = XCConfigurationList;
			buildConfigurations = (
				E2CD41A81C0BC2EA00DEB4EB /* Debug */,
				E2CD41A91C0BC2EA00DEB4EB /* Release */,
			);
			defaultConfigurationIsVisible = 0;
			defaultConfigurationName = Release;
		};
		E2CD41AA1C0BC2EA00DEB4EB /* Build configuration list for PBXNativeTarget "Hold The Ball" */ = {
			isa = XCConfigurationList;
			buildConfigurations = (
				E2CD41AB1C0BC2EA00DEB4EB /* Debug */,
				E2CD41AC1C0BC2EA00DEB4EB /* Release */,
			);
			defaultConfigurationIsVisible = 0;
			defaultConfigurationName = Release;
		};
		E2CD41AD1C0BC2EA00DEB4EB /* Build configuration list for PBXNativeTarget "Hold The BallTests" */ = {
			isa = XCConfigurationList;
			buildConfigurations = (
				E2CD41AE1C0BC2EA00DEB4EB /* Debug */,
				E2CD41AF1C0BC2EA00DEB4EB /* Release */,
			);
			defaultConfigurationIsVisible = 0;
			defaultConfigurationName = Release;
		};
/* End XCConfigurationList section */
	};
	rootObject = E2CD41811C0BC2EA00DEB4EB /* Project object */;
}
