// !$*UTF8*$!
{
	archiveVersion = 1;
	classes = {
	};
	objectVersion = 46;
	objects = {

/* Begin PBXBuildFile section */
		E208522D1C2A250F00BE8685 /* JYLAppDelegate.swift in Sources */ = {isa = PBXBuildFile; fileRef = E20852261C2A250F00BE8685 /* JYLAppDelegate.swift */; };
		E208522E1C2A250F00BE8685 /* JYLMainGameScene.swift in Sources */ = {isa = PBXBuildFile; fileRef = E20852271C2A250F00BE8685 /* JYLMainGameScene.swift */; };
		E208522F1C2A250F00BE8685 /* JYLMainGameViewController.swift in Sources */ = {isa = PBXBuildFile; fileRef = E20852281C2A250F00BE8685 /* JYLMainGameViewController.swift */; };
		E20852371C2A253200BE8685 /* BounceTests.swift in Sources */ = {isa = PBXBuildFile; fileRef = E20852351C2A253200BE8685 /* BounceTests.swift */; };
		E208523D1C2A506600BE8685 /* JYLBall.swift in Sources */ = {isa = PBXBuildFile; fileRef = E208523C1C2A506600BE8685 /* JYLBall.swift */; };
		E208523F1C2A506F00BE8685 /* JYLShard.swift in Sources */ = {isa = PBXBuildFile; fileRef = E208523E1C2A506F00BE8685 /* JYLShard.swift */; };
		E20852421C2A5B3B00BE8685 /* JYLBounceColors.swift in Sources */ = {isa = PBXBuildFile; fileRef = E20852411C2A5B3B00BE8685 /* JYLBounceColors.swift */; };
		E2CD41B31C0D857F00DEB4EB /* Assets.xcassets in Resources */ = {isa = PBXBuildFile; fileRef = E2CD41B21C0D857F00DEB4EB /* Assets.xcassets */; };
		E2CD41B51C0EB9B400DEB4EB /* Default-568h@2x.png in Resources */ = {isa = PBXBuildFile; fileRef = E2CD41B41C0EB9B400DEB4EB /* Default-568h@2x.png */; };
/* End PBXBuildFile section */

/* Begin PBXContainerItemProxy section */
		E2CD41A21C0BC2EA00DEB4EB /* PBXContainerItemProxy */ = {
			isa = PBXContainerItemProxy;
			containerPortal = E2CD41811C0BC2EA00DEB4EB /* Project object */;
			proxyType = 1;
			remoteGlobalIDString = E2CD41881C0BC2EA00DEB4EB;
			remoteInfo = Skip;
		};
/* End PBXContainerItemProxy section */

/* Begin PBXFileReference section */
		E20852251C2A250F00BE8685 /* Info.plist */ = {isa = PBXFileReference; fileEncoding = 4; lastKnownFileType = text.plist.xml; path = Info.plist; sourceTree = "<group>"; };
		E20852261C2A250F00BE8685 /* JYLAppDelegate.swift */ = {isa = PBXFileReference; fileEncoding = 4; lastKnownFileType = sourcecode.swift; path = JYLAppDelegate.swift; sourceTree = "<group>"; };
		E20852271C2A250F00BE8685 /* JYLMainGameScene.swift */ = {isa = PBXFileReference; fileEncoding = 4; lastKnownFileType = sourcecode.swift; path = JYLMainGameScene.swift; sourceTree = "<group>"; };
		E20852281C2A250F00BE8685 /* JYLMainGameViewController.swift */ = {isa = PBXFileReference; fileEncoding = 4; lastKnownFileType = sourcecode.swift; path = JYLMainGameViewController.swift; sourceTree = "<group>"; };
		E20852341C2A253200BE8685 /* Info.plist */ = {isa = PBXFileReference; fileEncoding = 4; lastKnownFileType = text.plist.xml; path = Info.plist; sourceTree = "<group>"; };
		E20852351C2A253200BE8685 /* BounceTests.swift */ = {isa = PBXFileReference; fileEncoding = 4; lastKnownFileType = sourcecode.swift; path = BounceTests.swift; sourceTree = "<group>"; };
		E208523C1C2A506600BE8685 /* JYLBall.swift */ = {isa = PBXFileReference; fileEncoding = 4; lastKnownFileType = sourcecode.swift; path = JYLBall.swift; sourceTree = "<group>"; };
		E208523E1C2A506F00BE8685 /* JYLShard.swift */ = {isa = PBXFileReference; fileEncoding = 4; lastKnownFileType = sourcecode.swift; path = JYLShard.swift; sourceTree = "<group>"; };
		E20852411C2A5B3B00BE8685 /* JYLBounceColors.swift */ = {isa = PBXFileReference; fileEncoding = 4; lastKnownFileType = sourcecode.swift; path = JYLBounceColors.swift; sourceTree = "<group>"; };
		E2CD41891C0BC2EA00DEB4EB /* Bounce.app */ = {isa = PBXFileReference; explicitFileType = wrapper.application; includeInIndex = 0; path = Bounce.app; sourceTree = BUILT_PRODUCTS_DIR; };
		E2CD41A11C0BC2EA00DEB4EB /* Bounce.xctest */ = {isa = PBXFileReference; explicitFileType = wrapper.cfbundle; includeInIndex = 0; path = Bounce.xctest; sourceTree = BUILT_PRODUCTS_DIR; };
		E2CD41B21C0D857F00DEB4EB /* Assets.xcassets */ = {isa = PBXFileReference; lastKnownFileType = folder.assetcatalog; path = Assets.xcassets; sourceTree = "<group>"; };
		E2CD41B41C0EB9B400DEB4EB /* Default-568h@2x.png */ = {isa = PBXFileReference; lastKnownFileType = image.png; path = "Default-568h@2x.png"; sourceTree = "<group>"; };
/* End PBXFileReference section */

/* Begin PBXFrameworksBuildPhase section */
		E2CD41861C0BC2EA00DEB4EB /* Frameworks */ = {
			isa = PBXFrameworksBuildPhase;
			buildActionMask = 2147483647;
			files = (
			);
			runOnlyForDeploymentPostprocessing = 0;
		};
		E2CD419E1C0BC2EA00DEB4EB /* Frameworks */ = {
			isa = PBXFrameworksBuildPhase;
			buildActionMask = 2147483647;
			files = (
			);
			runOnlyForDeploymentPostprocessing = 0;
		};
/* End PBXFrameworksBuildPhase section */

/* Begin PBXGroup section */
		E20852241C2A250F00BE8685 /* Bounce */ = {
			isa = PBXGroup;
			children = (
				E208523B1C2A504E00BE8685 /* Models */,
				E20852261C2A250F00BE8685 /* JYLAppDelegate.swift */,
				E20852271C2A250F00BE8685 /* JYLMainGameScene.swift */,
				E20852281C2A250F00BE8685 /* JYLMainGameViewController.swift */,
				E20852411C2A5B3B00BE8685 /* JYLBounceColors.swift */,
				E20852381C2A261700BE8685 /* Supported Files */,
			);
			path = Bounce;
			sourceTree = "<group>";
		};
		E20852331C2A253200BE8685 /* BounceTests */ = {
			isa = PBXGroup;
			children = (
				E20852351C2A253200BE8685 /* BounceTests.swift */,
				E20852391C2A262900BE8685 /* Supported Files */,
			);
			path = BounceTests;
			sourceTree = "<group>";
		};
		E20852381C2A261700BE8685 /* Supported Files */ = {
			isa = PBXGroup;
			children = (
				E20852251C2A250F00BE8685 /* Info.plist */,
			);
			name = "Supported Files";
			sourceTree = "<group>";
		};
		E20852391C2A262900BE8685 /* Supported Files */ = {
			isa = PBXGroup;
			children = (
				E20852341C2A253200BE8685 /* Info.plist */,
			);
			name = "Supported Files";
			sourceTree = "<group>";
		};
		E208523B1C2A504E00BE8685 /* Models */ = {
			isa = PBXGroup;
			children = (
				E208523C1C2A506600BE8685 /* JYLBall.swift */,
				E208523E1C2A506F00BE8685 /* JYLShard.swift */,
			);
			name = Models;
			sourceTree = "<group>";
		};
		E2CD41801C0BC2EA00DEB4EB = {
			isa = PBXGroup;
			children = (
				E2CD41B41C0EB9B400DEB4EB /* Default-568h@2x.png */,
				E2CD41B21C0D857F00DEB4EB /* Assets.xcassets */,
				E20852241C2A250F00BE8685 /* Bounce */,
				E20852331C2A253200BE8685 /* BounceTests */,
				E2CD418A1C0BC2EA00DEB4EB /* Products */,
			);
			sourceTree = "<group>";
		};
		E2CD418A1C0BC2EA00DEB4EB /* Products */ = {
			isa = PBXGroup;
			children = (
				E2CD41891C0BC2EA00DEB4EB /* Bounce.app */,
				E2CD41A11C0BC2EA00DEB4EB /* Bounce.xctest */,
			);
			name = Products;
			sourceTree = "<group>";
		};
/* End PBXGroup section */

/* Begin PBXNativeTarget section */
		E2CD41881C0BC2EA00DEB4EB /* Bounce */ = {
			isa = PBXNativeTarget;
			buildConfigurationList = E2CD41AA1C0BC2EA00DEB4EB /* Build configuration list for PBXNativeTarget "Bounce" */;
			buildPhases = (
				E2CD41851C0BC2EA00DEB4EB /* Sources */,
				E2CD41861C0BC2EA00DEB4EB /* Frameworks */,
				E2CD41871C0BC2EA00DEB4EB /* Resources */,
			);
			buildRules = (
			);
			dependencies = (
			);
			name = Bounce;
			productName = Skip;
			productReference = E2CD41891C0BC2EA00DEB4EB /* Bounce.app */;
			productType = "com.apple.product-type.application";
		};
		E2CD41A01C0BC2EA00DEB4EB /* BounceTests */ = {
			isa = PBXNativeTarget;
			buildConfigurationList = E2CD41AD1C0BC2EA00DEB4EB /* Build configuration list for PBXNativeTarget "BounceTests" */;
			buildPhases = (
				E2CD419D1C0BC2EA00DEB4EB /* Sources */,
				E2CD419E1C0BC2EA00DEB4EB /* Frameworks */,
				E2CD419F1C0BC2EA00DEB4EB /* Resources */,
			);
			buildRules = (
			);
			dependencies = (
				E2CD41A31C0BC2EA00DEB4EB /* PBXTargetDependency */,
			);
			name = BounceTests;
			productName = SkipTests;
			productReference = E2CD41A11C0BC2EA00DEB4EB /* Bounce.xctest */;
			productType = "com.apple.product-type.bundle.unit-test";
		};
/* End PBXNativeTarget section */

/* Begin PBXProject section */
		E2CD41811C0BC2EA00DEB4EB /* Project object */ = {
			isa = PBXProject;
			attributes = {
				LastSwiftUpdateCheck = 0710;
				LastUpgradeCheck = 0710;
				ORGANIZATIONNAME = wwwww;
				TargetAttributes = {
					E2CD41881C0BC2EA00DEB4EB = {
						CreatedOnToolsVersion = 7.1.1;
						DevelopmentTeam = 6UN3N9H6B4;
					};
					E2CD41A01C0BC2EA00DEB4EB = {
						CreatedOnToolsVersion = 7.1.1;
						TestTargetID = E2CD41881C0BC2EA00DEB4EB;
					};
				};
			};
			buildConfigurationList = E2CD41841C0BC2EA00DEB4EB /* Build configuration list for PBXProject "Bounce" */;
			compatibilityVersion = "Xcode 3.2";
			developmentRegion = English;
			hasScannedForEncodings = 0;
			knownRegions = (
				en,
				Base,
			);
			mainGroup = E2CD41801C0BC2EA00DEB4EB;
			productRefGroup = E2CD418A1C0BC2EA00DEB4EB /* Products */;
			projectDirPath = "";
			projectRoot = "";
			targets = (
				E2CD41881C0BC2EA00DEB4EB /* Bounce */,
				E2CD41A01C0BC2EA00DEB4EB /* BounceTests */,
			);
		};
/* End PBXProject section */

/* Begin PBXResourcesBuildPhase section */
		E2CD41871C0BC2EA00DEB4EB /* Resources */ = {
			isa = PBXResourcesBuildPhase;
			buildActionMask = 2147483647;
			files = (
				E2CD41B31C0D857F00DEB4EB /* Assets.xcassets in Resources */,
				E2CD41B51C0EB9B400DEB4EB /* Default-568h@2x.png in Resources */,
			);
			runOnlyForDeploymentPostprocessing = 0;
		};
		E2CD419F1C0BC2EA00DEB4EB /* Resources */ = {
			isa = PBXResourcesBuildPhase;
			buildActionMask = 2147483647;
			files = (
			);
			runOnlyForDeploymentPostprocessing = 0;
		};
/* End PBXResourcesBuildPhase section */

/* Begin PBXSourcesBuildPhase section */
		E2CD41851C0BC2EA00DEB4EB /* Sources */ = {
			isa = PBXSourcesBuildPhase;
			buildActionMask = 2147483647;
			files = (
				E208522D1C2A250F00BE8685 /* JYLAppDelegate.swift in Sources */,
				E208522E1C2A250F00BE8685 /* JYLMainGameScene.swift in Sources */,
				E208523D1C2A506600BE8685 /* JYLBall.swift in Sources */,
				E208522F1C2A250F00BE8685 /* JYLMainGameViewController.swift in Sources */,
				E208523F1C2A506F00BE8685 /* JYLShard.swift in Sources */,
				E20852421C2A5B3B00BE8685 /* JYLBounceColors.swift in Sources */,
			);
			runOnlyForDeploymentPostprocessing = 0;
		};
		E2CD419D1C0BC2EA00DEB4EB /* Sources */ = {
			isa = PBXSourcesBuildPhase;
			buildActionMask = 2147483647;
			files = (
				E20852371C2A253200BE8685 /* BounceTests.swift in Sources */,
			);
			runOnlyForDeploymentPostprocessing = 0;
		};
/* End PBXSourcesBuildPhase section */

/* Begin PBXTargetDependency section */
		E2CD41A31C0BC2EA00DEB4EB /* PBXTargetDependency */ = {
			isa = PBXTargetDependency;
			target = E2CD41881C0BC2EA00DEB4EB /* Bounce */;
			targetProxy = E2CD41A21C0BC2EA00DEB4EB /* PBXContainerItemProxy */;
		};
/* End PBXTargetDependency section */

/* Begin XCBuildConfiguration section */
		E2CD41A81C0BC2EA00DEB4EB /* Debug */ = {
			isa = XCBuildConfiguration;
			buildSettings = {
				ALWAYS_SEARCH_USER_PATHS = NO;
				CLANG_CXX_LANGUAGE_STANDARD = "gnu++0x";
				CLANG_CXX_LIBRARY = "libc++";
				CLANG_ENABLE_MODULES = YES;
				CLANG_ENABLE_OBJC_ARC = YES;
				CLANG_WARN_BOOL_CONVERSION = YES;
				CLANG_WARN_CONSTANT_CONVERSION = YES;
				CLANG_WARN_DIRECT_OBJC_ISA_USAGE = YES_ERROR;
				CLANG_WARN_EMPTY_BODY = YES;
				CLANG_WARN_ENUM_CONVERSION = YES;
				CLANG_WARN_INT_CONVERSION = YES;
				CLANG_WARN_OBJC_ROOT_CLASS = YES_ERROR;
				CLANG_WARN_UNREACHABLE_CODE = YES;
				CLANG_WARN__DUPLICATE_METHOD_MATCH = YES;
				"CODE_SIGN_IDENTITY[sdk=iphoneos*]" = "iPhone Developer";
				COPY_PHASE_STRIP = NO;
				DEBUG_INFORMATION_FORMAT = "dwarf-with-dsym";
				EMBEDDED_CONTENT_CONTAINS_SWIFT = YES;
				ENABLE_STRICT_OBJC_MSGSEND = YES;
				ENABLE_TESTABILITY = YES;
				GCC_C_LANGUAGE_STANDARD = gnu99;
				GCC_DYNAMIC_NO_PIC = NO;
				GCC_NO_COMMON_BLOCKS = YES;
				GCC_OPTIMIZATION_LEVEL = 0;
				GCC_PREPROCESSOR_DEFINITIONS = (
					"DEBUG=1",
					"$(inherited)",
				);
				GCC_WARN_64_TO_32_BIT_CONVERSION = YES;
				GCC_WARN_ABOUT_RETURN_TYPE = YES_ERROR;
				GCC_WARN_UNDECLARED_SELECTOR = YES;
				GCC_WARN_UNINITIALIZED_AUTOS = YES_AGGRESSIVE;
				GCC_WARN_UNUSED_FUNCTION = YES;
				GCC_WARN_UNUSED_VARIABLE = YES;
				IPHONEOS_DEPLOYMENT_TARGET = 9.1;
				MTL_ENABLE_DEBUG_INFO = YES;
				ONLY_ACTIVE_ARCH = YES;
				SDKROOT = iphoneos;
				SWIFT_OPTIMIZATION_LEVEL = "-Onone";
			};
			name = Debug;
		};
		E2CD41A91C0BC2EA00DEB4EB /* Release */ = {
			isa = XCBuildConfiguration;
			buildSettings = {
				ALWAYS_SEARCH_USER_PATHS = NO;
				CLANG_CXX_LANGUAGE_STANDARD = "gnu++0x";
				CLANG_CXX_LIBRARY = "libc++";
				CLANG_ENABLE_MODULES = YES;
				CLANG_ENABLE_OBJC_ARC = YES;
				CLANG_WARN_BOOL_CONVERSION = YES;
				CLANG_WARN_CONSTANT_CONVERSION = YES;
				CLANG_WARN_DIRECT_OBJC_ISA_USAGE = YES_ERROR;
				CLANG_WARN_EMPTY_BODY = YES;
				CLANG_WARN_ENUM_CONVERSION = YES;
				CLANG_WARN_INT_CONVERSION = YES;
				CLANG_WARN_OBJC_ROOT_CLASS = YES_ERROR;
				CLANG_WARN_UNREACHABLE_CODE = YES;
				CLANG_WARN__DUPLICATE_METHOD_MATCH = YES;
				"CODE_SIGN_IDENTITY[sdk=iphoneos*]" = "iPhone Developer";
				COPY_PHASE_STRIP = NO;
				DEBUG_INFORMATION_FORMAT = "dwarf-with-dsym";
				EMBEDDED_CONTENT_CONTAINS_SWIFT = YES;
				ENABLE_NS_ASSERTIONS = NO;
				ENABLE_STRICT_OBJC_MSGSEND = YES;
				GCC_C_LANGUAGE_STANDARD = gnu99;
				GCC_NO_COMMON_BLOCKS = YES;
				GCC_WARN_64_TO_32_BIT_CONVERSION = YES;
				GCC_WARN_ABOUT_RETURN_TYPE = YES_ERROR;
				GCC_WARN_UNDECLARED_SELECTOR = YES;
				GCC_WARN_UNINITIALIZED_AUTOS = YES_AGGRESSIVE;
				GCC_WARN_UNUSED_FUNCTION = YES;
				GCC_WARN_UNUSED_VARIABLE = YES;
				IPHONEOS_DEPLOYMENT_TARGET = 9.1;
				MTL_ENABLE_DEBUG_INFO = NO;
				SDKROOT = iphoneos;
				VALIDATE_PRODUCT = YES;
			};
			name = Release;
		};
		E2CD41AB1C0BC2EA00DEB4EB /* Debug */ = {
			isa = XCBuildConfiguration;
			buildSettings = {
				ASSETCATALOG_COMPILER_APPICON_NAME = AppIcon;
				CODE_SIGN_IDENTITY = "iPhone Developer";
				EMBEDDED_CONTENT_CONTAINS_SWIFT = YES;
				INFOPLIST_FILE = Bounce/Info.plist;
				LD_RUNPATH_SEARCH_PATHS = "$(inherited) @executable_path/Frameworks";
				PRODUCT_BUNDLE_IDENTIFIER = wwwww.Bounce;
				PRODUCT_NAME = Bounce;
				TARGETED_DEVICE_FAMILY = 1;
			};
			name = Debug;
		};
		E2CD41AC1C0BC2EA00DEB4EB /* Release */ = {
			isa = XCBuildConfiguration;
			buildSettings = {
				ASSETCATALOG_COMPILER_APPICON_NAME = AppIcon;
				CODE_SIGN_IDENTITY = "iPhone Developer";
				EMBEDDED_CONTENT_CONTAINS_SWIFT = YES;
				INFOPLIST_FILE = Bounce/Info.plist;
				LD_RUNPATH_SEARCH_PATHS = "$(inherited) @executable_path/Frameworks";
				PRODUCT_BUNDLE_IDENTIFIER = wwwww.Bounce;
				PRODUCT_NAME = Bounce;
				TARGETED_DEVICE_FAMILY = 1;
			};
			name = Release;
		};
		E2CD41AE1C0BC2EA00DEB4EB /* Debug */ = {
			isa = XCBuildConfiguration;
			buildSettings = {
				BUNDLE_LOADER = "$(TEST_HOST)";
				DEBUG_INFORMATION_FORMAT = dwarf;
				INFOPLIST_FILE = BounceTests/Info.plist;
				LD_RUNPATH_SEARCH_PATHS = "$(inherited) @executable_path/Frameworks @loader_path/Frameworks";
				PRODUCT_BUNDLE_IDENTIFIER = wwwww.BounceTests;
				PRODUCT_NAME = Bounce;
				TEST_HOST = "$(BUILT_PRODUCTS_DIR)/Bounce.app/Bounce";
			};
			name = Debug;
		};
		E2CD41AF1C0BC2EA00DEB4EB /* Release */ = {
			isa = XCBuildConfiguration;
			buildSettings = {
				BUNDLE_LOADER = "$(TEST_HOST)";
				INFOPLIST_FILE = BounceTests/Info.plist;
				LD_RUNPATH_SEARCH_PATHS = "$(inherited) @executable_path/Frameworks @loader_path/Frameworks";
				PRODUCT_BUNDLE_IDENTIFIER = wwwww.BounceTests;
				PRODUCT_NAME = Bounce;
				TEST_HOST = "$(BUILT_PRODUCTS_DIR)/Bounce.app/Bounce";
			};
			name = Release;
		};
/* End XCBuildConfiguration section */

/* Begin XCConfigurationList section */
		E2CD41841C0BC2EA00DEB4EB /* Build configuration list for PBXProject "Bounce" */ = {
			isa = XCConfigurationList;
			buildConfigurations = (
				E2CD41A81C0BC2EA00DEB4EB /* Debug */,
				E2CD41A91C0BC2EA00DEB4EB /* Release */,
			);
			defaultConfigurationIsVisible = 0;
			defaultConfigurationName = Release;
		};
		E2CD41AA1C0BC2EA00DEB4EB /* Build configuration list for PBXNativeTarget "Bounce" */ = {
			isa = XCConfigurationList;
			buildConfigurations = (
				E2CD41AB1C0BC2EA00DEB4EB /* Debug */,
				E2CD41AC1C0BC2EA00DEB4EB /* Release */,
			);
			defaultConfigurationIsVisible = 0;
			defaultConfigurationName = Release;
		};
		E2CD41AD1C0BC2EA00DEB4EB /* Build configuration list for PBXNativeTarget "BounceTests" */ = {
			isa = XCConfigurationList;
			buildConfigurations = (
				E2CD41AE1C0BC2EA00DEB4EB /* Debug */,
				E2CD41AF1C0BC2EA00DEB4EB /* Release */,
			);
			defaultConfigurationIsVisible = 0;
			defaultConfigurationName = Release;
		};
/* End XCConfigurationList section */
	};
	rootObject = E2CD41811C0BC2EA00DEB4EB /* Project object */;
}
